# This file was autogenerated by Stack.
# You should not edit this file by hand.
# For more information, please see the documentation at:
#   https://docs.haskellstack.org/en/stable/lock_files

packages:
- completed:
    hackage: bool-extras-0.4.0@sha256:4d46de500f0a86e9c87f19b300485bf8721bf6eced801a43ca122137fa177273,1689
    pantry-tree:
      size: 452
      sha256: 6f83848ecaa0196397bfe34a199051c85953af1fb2e57be61eb3422c937dc9dd
  original:
    hackage: bool-extras-0.4.0@sha256:4d46de500f0a86e9c87f19b300485bf8721bf6eced801a43ca122137fa177273,1689
- completed:
    hackage: wl-pprint-1.2.1@sha256:aea676cff4a062d7d912149d270e33f5bb0c01b68a9db46ff13b438141ff4b7c,734
    pantry-tree:
      size: 221
      sha256: 750b375c6fc33400551f9e32e26e41844c372270a9bc3571e912fa36df7c6d4f
  original:
    hackage: wl-pprint-1.2.1@sha256:aea676cff4a062d7d912149d270e33f5bb0c01b68a9db46ff13b438141ff4b7c,734
snapshots:
- completed:
    size: 524164
    url: https://raw.githubusercontent.com/commercialhaskell/stackage-snapshots/master/lts/14/22.yaml
    sha256: 7ad8f33179b32d204165a3a662c6269464a47a7e65a30abc38d01b5a38ec42c0
  original: lts-14.22
