# This file was autogenerated by Stack.
# You should not edit this file by hand.
# For more information, please see the documentation at:
#   https://docs.haskellstack.org/en/stable/lock_files

packages:
- completed:
    hackage: random-extras-0.19@sha256:52579ee8653b17d8b19fb54833ecbab8df47b6cf61a77c9614df0c3155441d29,1137
    pantry-tree:
      size: 552
      sha256: 61daee57c0c3e55cb1056176c917bedb3b42315c023398c3f83c9bd75b5e891e
  original:
    hackage: random-extras-0.19
snapshots:
- completed:
    size: 524163
    url: https://raw.githubusercontent.com/commercialhaskell/stackage-snapshots/master/lts/14/25.yaml
    sha256: 97548b4e927a8a862d4a203687ca18a3f5d2ae75b4b72c946fb29c17df1a5082
  original: lts-14.25
