# This file was autogenerated by Stack.
# You should not edit this file by hand.
# For more information, please see the documentation at:
#   https://docs.haskellstack.org/en/stable/lock_files

packages:
- completed:
    hackage: reflection-without-remorse-0.9.5@sha256:f2f38dd325ead6eceb01039f5a593bebd7439fd64b78514ef01163a2f53310bb,965
    pantry-tree:
      size: 371
      sha256: 3ac6da82c455016b42f3e22afaebb6af6e53328d4012aa6e8a406175086e0ebe
  original:
    hackage: reflection-without-remorse-0.9.5@sha256:f2f38dd325ead6eceb01039f5a593bebd7439fd64b78514ef01163a2f53310bb,965
- completed:
    hackage: type-aligned-0.9.6@sha256:2517994f5ce77cb8f3c30b33d403a90d36665d3f7ac668241f37a9f11b20db16,1075
    pantry-tree:
      size: 811
      sha256: 470fab1da31654617c674ae9c3b3a2c9fd7a1cb8876b45f6e1c600114d1f71f5
  original:
    hackage: type-aligned-0.9.6@sha256:2517994f5ce77cb8f3c30b33d403a90d36665d3f7ac668241f37a9f11b20db16,1075
snapshots:
- completed:
    size: 524163
    url: https://raw.githubusercontent.com/commercialhaskell/stackage-snapshots/master/lts/14/25.yaml
    sha256: 97548b4e927a8a862d4a203687ca18a3f5d2ae75b4b72c946fb29c17df1a5082
  original: lts-14.25
